
Microsoft Visual Studio Solution File, Format Version 12.00
# Visual Studio Version 17
VisualStudioVersion = 17.10.35122.118
MinimumVisualStudioVersion = 10.0.40219.1
Project("{2150E333-8FDC-42A3-9474-1A3956D46DE8}") = "Services", "Services", "{121E6D0F-19A7-4D1D-ABD6-8D41770B20B0}"
EndProject
Project("{2150E333-8FDC-42A3-9474-1A3956D46DE8}") = "Catalog", "Catalog", "{95F5D250-88C3-4C08-8057-287AE4BC52D3}"
EndProject
Project("{9A19103F-16F7-4668-BE54-9A1E7A4F7556}") = "Catalog.API", "Services\Catalog\Catalog.API\Catalog.API.csproj", "{09EA4884-66ED-4F78-9062-E7D8FAE1CEBF}"
EndProject
Project("{2150E333-8FDC-42A3-9474-1A3956D46DE8}") = "BuildingBlocks", "BuildingBlocks", "{3C7A14D5-4E51-4E30-82A2-D6B546AC65E5}"
EndProject
Project("{9A19103F-16F7-4668-BE54-9A1E7A4F7556}") = "BuildingBlocks", "BuildingBlocks\BuildingBlocks\BuildingBlocks.csproj", "{F9A3DF76-1978-4DF9-82B9-4D9BDEE66AA1}"
EndProject
Project("{E53339B2-1760-4266-BCC7-CA923CBCF16C}") = "docker-compose", "docker-compose.dcproj", "{735D44F2-0C57-40E0-B9F2-8DE35C800602}"
EndProject
Project("{2150E333-8FDC-42A3-9474-1A3956D46DE8}") = "Basket", "Basket", "{D5E88C5E-73E0-4AFF-8D5F-779BD7264C35}"
EndProject
Project("{9A19103F-16F7-4668-BE54-9A1E7A4F7556}") = "Basket.API", "Services\Basket\Basket.API\Basket.API.csproj", "{ED034ED6-7FEC-49B2-91CE-5B8141555A96}"
EndProject
Project("{2150E333-8FDC-42A3-9474-1A3956D46DE8}") = "Discount", "Discount", "{261AE715-63C0-4372-8A85-F0253CBCF5FC}"
EndProject
Project("{9A19103F-16F7-4668-BE54-9A1E7A4F7556}") = "Discount.Grpc", "Services\Discount\Discount.Grpc\Discount.Grpc.csproj", "{4ABA6664-5364-4D38-A3F4-825917DBDFD3}"
EndProject
Project("{2150E333-8FDC-42A3-9474-1A3956D46DE8}") = "Ordering", "Ordering", "{686EB0CE-08C1-438C-8D21-25B56F14DB6C}"
EndProject
Project("{9A19103F-16F7-4668-BE54-9A1E7A4F7556}") = "Ordering.API", "Services\Ordering\Ordering.API\Ordering.API.csproj", "{5B5E069B-EB04-4341-A894-24FD3E08252E}"
EndProject
Project("{9A19103F-16F7-4668-BE54-9A1E7A4F7556}") = "Ordering.Domain", "Services\Ordering\Ordering.Domain\Ordering.Domain.csproj", "{DB6C083B-C3D8-4B80-8BDA-8BD3E5810BB6}"
EndProject
Project("{9A19103F-16F7-4668-BE54-9A1E7A4F7556}") = "Ordering.Application", "Services\Ordering\Ordering.Application\Ordering.Application.csproj", "{0E7148EF-2763-4412-A218-15079BB7B22F}"
EndProject
Project("{9A19103F-16F7-4668-BE54-9A1E7A4F7556}") = "Ordering.Infrastructure", "Services\Ordering\Ordering.Infrastructure\Ordering.Infrastructure.csproj", "{B763C146-669C-41D6-8EEE-EF1B2300AED8}"
EndProject
Project("{FAE04EC0-301F-11D3-BF4B-00C04F79EFBC}") = "BuildingBlocks.Messaging", "BuildingBlocks\BuildingBlocks.Messaging\BuildingBlocks.Messaging.csproj", "{D429486F-364D-4239-AEC3-DB9B2C2A9099}"
EndProject
Global
	GlobalSection(SolutionConfigurationPlatforms) = preSolution
		Debug|Any CPU = Debug|Any CPU
		Release|Any CPU = Release|Any CPU
	EndGlobalSection
	GlobalSection(ProjectConfigurationPlatforms) = postSolution
		{09EA4884-66ED-4F78-9062-E7D8FAE1CEBF}.Debug|Any CPU.ActiveCfg = Debug|Any CPU
		{09EA4884-66ED-4F78-9062-E7D8FAE1CEBF}.Debug|Any CPU.Build.0 = Debug|Any CPU
		{09EA4884-66ED-4F78-9062-E7D8FAE1CEBF}.Release|Any CPU.ActiveCfg = Release|Any CPU
		{09EA4884-66ED-4F78-9062-E7D8FAE1CEBF}.Release|Any CPU.Build.0 = Release|Any CPU
		{F9A3DF76-1978-4DF9-82B9-4D9BDEE66AA1}.Debug|Any CPU.ActiveCfg = Debug|Any CPU
		{F9A3DF76-1978-4DF9-82B9-4D9BDEE66AA1}.Debug|Any CPU.Build.0 = Debug|Any CPU
		{F9A3DF76-1978-4DF9-82B9-4D9BDEE66AA1}.Release|Any CPU.ActiveCfg = Release|Any CPU
		{F9A3DF76-1978-4DF9-82B9-4D9BDEE66AA1}.Release|Any CPU.Build.0 = Release|Any CPU
		{735D44F2-0C57-40E0-B9F2-8DE35C800602}.Debug|Any CPU.ActiveCfg = Debug|Any CPU
		{735D44F2-0C57-40E0-B9F2-8DE35C800602}.Debug|Any CPU.Build.0 = Debug|Any CPU
		{735D44F2-0C57-40E0-B9F2-8DE35C800602}.Release|Any CPU.ActiveCfg = Release|Any CPU
		{735D44F2-0C57-40E0-B9F2-8DE35C800602}.Release|Any CPU.Build.0 = Release|Any CPU
		{ED034ED6-7FEC-49B2-91CE-5B8141555A96}.Debug|Any CPU.ActiveCfg = Debug|Any CPU
		{ED034ED6-7FEC-49B2-91CE-5B8141555A96}.Debug|Any CPU.Build.0 = Debug|Any CPU
		{ED034ED6-7FEC-49B2-91CE-5B8141555A96}.Release|Any CPU.ActiveCfg = Release|Any CPU
		{ED034ED6-7FEC-49B2-91CE-5B8141555A96}.Release|Any CPU.Build.0 = Release|Any CPU
		{4ABA6664-5364-4D38-A3F4-825917DBDFD3}.Debug|Any CPU.ActiveCfg = Debug|Any CPU
		{4ABA6664-5364-4D38-A3F4-825917DBDFD3}.Debug|Any CPU.Build.0 = Debug|Any CPU
		{4ABA6664-5364-4D38-A3F4-825917DBDFD3}.Release|Any CPU.ActiveCfg = Release|Any CPU
		{4ABA6664-5364-4D38-A3F4-825917DBDFD3}.Release|Any CPU.Build.0 = Release|Any CPU
		{5B5E069B-EB04-4341-A894-24FD3E08252E}.Debug|Any CPU.ActiveCfg = Debug|Any CPU
		{5B5E069B-EB04-4341-A894-24FD3E08252E}.Debug|Any CPU.Build.0 = Debug|Any CPU
		{5B5E069B-EB04-4341-A894-24FD3E08252E}.Release|Any CPU.ActiveCfg = Release|Any CPU
		{5B5E069B-EB04-4341-A894-24FD3E08252E}.Release|Any CPU.Build.0 = Release|Any CPU
		{DB6C083B-C3D8-4B80-8BDA-8BD3E5810BB6}.Debug|Any CPU.ActiveCfg = Debug|Any CPU
		{DB6C083B-C3D8-4B80-8BDA-8BD3E5810BB6}.Debug|Any CPU.Build.0 = Debug|Any CPU
		{DB6C083B-C3D8-4B80-8BDA-8BD3E5810BB6}.Release|Any CPU.ActiveCfg = Release|Any CPU
		{DB6C083B-C3D8-4B80-8BDA-8BD3E5810BB6}.Release|Any CPU.Build.0 = Release|Any CPU
		{0E7148EF-2763-4412-A218-15079BB7B22F}.Debug|Any CPU.ActiveCfg = Debug|Any CPU
		{0E7148EF-2763-4412-A218-15079BB7B22F}.Debug|Any CPU.Build.0 = Debug|Any CPU
		{0E7148EF-2763-4412-A218-15079BB7B22F}.Release|Any CPU.ActiveCfg = Release|Any CPU
		{0E7148EF-2763-4412-A218-15079BB7B22F}.Release|Any CPU.Build.0 = Release|Any CPU
		{B763C146-669C-41D6-8EEE-EF1B2300AED8}.Debug|Any CPU.ActiveCfg = Debug|Any CPU
		{B763C146-669C-41D6-8EEE-EF1B2300AED8}.Debug|Any CPU.Build.0 = Debug|Any CPU
		{B763C146-669C-41D6-8EEE-EF1B2300AED8}.Release|Any CPU.ActiveCfg = Release|Any CPU
		{B763C146-669C-41D6-8EEE-EF1B2300AED8}.Release|Any CPU.Build.0 = Release|Any CPU
		{D429486F-364D-4239-AEC3-DB9B2C2A9099}.Debug|Any CPU.ActiveCfg = Debug|Any CPU
		{D429486F-364D-4239-AEC3-DB9B2C2A9099}.Debug|Any CPU.Build.0 = Debug|Any CPU
		{D429486F-364D-4239-AEC3-DB9B2C2A9099}.Release|Any CPU.ActiveCfg = Release|Any CPU
		{D429486F-364D-4239-AEC3-DB9B2C2A9099}.Release|Any CPU.Build.0 = Release|Any CPU
	EndGlobalSection
	GlobalSection(SolutionProperties) = preSolution
		HideSolutionNode = FALSE
	EndGlobalSection
	GlobalSection(NestedProjects) = preSolution
		{95F5D250-88C3-4C08-8057-287AE4BC52D3} = {121E6D0F-19A7-4D1D-ABD6-8D41770B20B0}
		{09EA4884-66ED-4F78-9062-E7D8FAE1CEBF} = {95F5D250-88C3-4C08-8057-287AE4BC52D3}
		{F9A3DF76-1978-4DF9-82B9-4D9BDEE66AA1} = {3C7A14D5-4E51-4E30-82A2-D6B546AC65E5}
		{D5E88C5E-73E0-4AFF-8D5F-779BD7264C35} = {121E6D0F-19A7-4D1D-ABD6-8D41770B20B0}
		{ED034ED6-7FEC-49B2-91CE-5B8141555A96} = {D5E88C5E-73E0-4AFF-8D5F-779BD7264C35}
		{261AE715-63C0-4372-8A85-F0253CBCF5FC} = {121E6D0F-19A7-4D1D-ABD6-8D41770B20B0}
		{4ABA6664-5364-4D38-A3F4-825917DBDFD3} = {261AE715-63C0-4372-8A85-F0253CBCF5FC}
		{686EB0CE-08C1-438C-8D21-25B56F14DB6C} = {121E6D0F-19A7-4D1D-ABD6-8D41770B20B0}
		{5B5E069B-EB04-4341-A894-24FD3E08252E} = {686EB0CE-08C1-438C-8D21-25B56F14DB6C}
		{DB6C083B-C3D8-4B80-8BDA-8BD3E5810BB6} = {686EB0CE-08C1-438C-8D21-25B56F14DB6C}
		{0E7148EF-2763-4412-A218-15079BB7B22F} = {686EB0CE-08C1-438C-8D21-25B56F14DB6C}
		{B763C146-669C-41D6-8EEE-EF1B2300AED8} = {686EB0CE-08C1-438C-8D21-25B56F14DB6C}
		{D429486F-364D-4239-AEC3-DB9B2C2A9099} = {3C7A14D5-4E51-4E30-82A2-D6B546AC65E5}
	EndGlobalSection
	GlobalSection(ExtensibilityGlobals) = postSolution
		SolutionGuid = {8797C9D7-F692-44F5-AB01-DF00660D72CD}
	EndGlobalSection
EndGlobal
